<?xml version="1.0" encoding="utf-8"?>
<Project ToolsVersion="4.0" xmlns="http://schemas.microsoft.com/developer/msbuild/2003">
  <ItemGroup>
    <Filter Include="Source Files">
      <UniqueIdentifier>{4FC737F1-C7A5-4376-A066-2A32D752A2FF}</UniqueIdentifier>
      <Extensions>cpp;c;cc;cxx;c++;cppm;ixx;def;odl;idl;hpj;bat;asm;asmx</Extensions>
    </Filter>
    <Filter Include="Header Files">
      <UniqueIdentifier>{93995380-89BD-4b04-88EB-625FBE52EBFB}</UniqueIdentifier>
      <Extensions>h;hh;hpp;hxx;h++;hm;inl;inc;ipp;xsd</Extensions>
    </Filter>
    <Filter Include="Resource Files">
      <UniqueIdentifier>{67DA6AB6-F800-4c08-8B7A-83BB121AAD01}</UniqueIdentifier>
      <Extensions>rc;ico;cur;bmp;dlg;rc2;rct;bin;rgs;gif;jpg;jpeg;jpe;resx;tiff;tif;png;wav;mfcribbon-ms</Extensions>
    </Filter>
    <Filter Include="Source Files\GameObjects">
      <UniqueIdentifier>{16c7d964-935a-4893-9044-cdbeb14db418}</UniqueIdentifier>
    </Filter>
    <Filter Include="Header Files\GameObjects">
      <UniqueIdentifier>{ed816faa-c1fe-40f5-935e-86fed5473dd4}</UniqueIdentifier>
    </Filter>
    <Filter Include="Source Files\GameObjects\Triggers">
      <UniqueIdentifier>{04f9fc69-906c-450d-b5aa-a66f87ca45d1}</UniqueIdentifier>
    </Filter>
    <Filter Include="Source Files\GameObjects\Triggerables">
      <UniqueIdentifier>{3b756ed1-c4e0-41e9-b4e7-f4ffacaab2d1}</UniqueIdentifier>
    </Filter>
    <Filter Include="Header Files\GameObjects\Triggers">
      <UniqueIdentifier>{7b61381c-16a4-4b5f-a001-b6c00de7d67b}</UniqueIdentifier>
    </Filter>
    <Filter Include="Header Files\GameObjects\Triggerables">
      <UniqueIdentifier>{d4a4c8b9-9305-42cb-8ee5-94e27ac53ad2}</UniqueIdentifier>
    </Filter>
  </ItemGroup>
  <ItemGroup>
    <ClCompile Include="main.cpp">
      <Filter>Source Files</Filter>
    </ClCompile>
    <ClCompile Include="CButton.cpp">
      <Filter>Source Files</Filter>
    </ClCompile>
    <ClCompile Include="CUIManager.cpp">
      <Filter>Source Files</Filter>
    </ClCompile>
    <ClCompile Include="CInputHandler.cpp">
      <Filter>Source Files</Filter>
    </ClCompile>
    <ClCompile Include="cLevelManager.cpp">
      <Filter>Source Files</Filter>
    </ClCompile>
    <ClCompile Include="cAudioManager.cpp">
      <Filter>Source Files</Filter>
    </ClCompile>
    <ClCompile Include="cProjectManager.cpp">
      <Filter>Source Files</Filter>
    </ClCompile>
    <ClCompile Include="cCamera.cpp">
      <Filter>Source Files</Filter>
    </ClCompile>
    <ClCompile Include="cGameObject.cpp">
      <Filter>Source Files</Filter>
    </ClCompile>
    <ClCompile Include="cCube.cpp">
      <Filter>Source Files\GameObjects</Filter>
    </ClCompile>
    <ClCompile Include="cTextureManager.cpp">
      <Filter>Source Files</Filter>
    </ClCompile>
    <ClCompile Include="cTriggerObj.cpp">
      <Filter>Source Files\GameObjects\Triggers</Filter>
    </ClCompile>
    <ClCompile Include="cTriggerableObj.cpp">
      <Filter>Source Files\GameObjects\Triggerables</Filter>
    </ClCompile>
  </ItemGroup>
  <ItemGroup>
    <ClInclude Include="CButton.h">
      <Filter>Header Files</Filter>
    </ClInclude>
    <ClInclude Include="CUIManager.h">
      <Filter>Header Files</Filter>
    </ClInclude>
    <ClInclude Include="CInputHandler.h">
      <Filter>Header Files</Filter>
    </ClInclude>
    <ClInclude Include="cLevelManager.h">
      <Filter>Header Files</Filter>
    </ClInclude>
    <ClInclude Include="cAudioManager.h">
      <Filter>Header Files</Filter>
    </ClInclude>
    <ClInclude Include="cProjectManager.h">
      <Filter>Header Files</Filter>
    </ClInclude>
    <ClInclude Include="cCamera.h">
      <Filter>Header Files</Filter>
    </ClInclude>
    <ClInclude Include="cGameObject.h">
      <Filter>Header Files</Filter>
    </ClInclude>
    <ClInclude Include="cCube.h">
      <Filter>Header Files\GameObjects</Filter>
    </ClInclude>
    <ClInclude Include="cTextureManager.h">
      <Filter>Header Files</Filter>
    </ClInclude>
    <ClInclude Include="cTriggerObj.h">
      <Filter>Header Files\GameObjects\Triggers</Filter>
    </ClInclude>
    <ClInclude Include="cTriggerableObj.h">
      <Filter>Header Files\GameObjects\Triggerables</Filter>
    </ClInclude>
  </ItemGroup>
</Project>